
Microsoft Visual Studio Solution File, Format Version 12.00
# Visual Studio 15
VisualStudioVersion = 15.0.27130.2027
MinimumVisualStudioVersion = 10.0.40219.1
Project("{FAE04EC0-301F-11D3-BF4B-00C04F79EFBC}") = "ICAN.SIC.Plugin.VLCRemote", "ICAN.SIC.Plugin.VLCRemote\ICAN.SIC.Plugin.VLCRemote.csproj", "{BB11CAFE-189D-480D-B761-80E53951BB5F}"
EndProject
Project("{FAE04EC0-301F-11D3-BF4B-00C04F79EFBC}") = "ICAN.SIC.Plugin.VLCRemote.Host", "ICAN.SIC.Plugin.VLCRemote.Host\ICAN.SIC.Plugin.VLCRemote.Host.csproj", "{0755C2EF-8295-4735-9EDD-1F730C9FBB64}"
EndProject
Project("{FAE04EC0-301F-11D3-BF4B-00C04F79EFBC}") = "ICAN.SIC.Plugin.Adapter.SIMLVLCRemote", "ICAN.SIC.Plugin.Adapter.SIMLVLCRemote\ICAN.SIC.Plugin.Adapter.SIMLVLCRemote.csproj", "{970938B2-31E3-463B-856F-5D20B5370741}"
EndProject
Global
	GlobalSection(SolutionConfigurationPlatforms) = preSolution
		Debug|Any CPU = Debug|Any CPU
		Release|Any CPU = Release|Any CPU
	EndGlobalSection
	GlobalSection(ProjectConfigurationPlatforms) = postSolution
		{BB11CAFE-189D-480D-B761-80E53951BB5F}.Debug|Any CPU.ActiveCfg = Debug|Any CPU
		{BB11CAFE-189D-480D-B761-80E53951BB5F}.Debug|Any CPU.Build.0 = Debug|Any CPU
		{BB11CAFE-189D-480D-B761-80E53951BB5F}.Release|Any CPU.ActiveCfg = Release|Any CPU
		{BB11CAFE-189D-480D-B761-80E53951BB5F}.Release|Any CPU.Build.0 = Release|Any CPU
		{0755C2EF-8295-4735-9EDD-1F730C9FBB64}.Debug|Any CPU.ActiveCfg = Debug|Any CPU
		{0755C2EF-8295-4735-9EDD-1F730C9FBB64}.Debug|Any CPU.Build.0 = Debug|Any CPU
		{0755C2EF-8295-4735-9EDD-1F730C9FBB64}.Release|Any CPU.ActiveCfg = Release|Any CPU
		{0755C2EF-8295-4735-9EDD-1F730C9FBB64}.Release|Any CPU.Build.0 = Release|Any CPU
		{970938B2-31E3-463B-856F-5D20B5370741}.Debug|Any CPU.ActiveCfg = Debug|Any CPU
		{970938B2-31E3-463B-856F-5D20B5370741}.Debug|Any CPU.Build.0 = Debug|Any CPU
		{970938B2-31E3-463B-856F-5D20B5370741}.Release|Any CPU.ActiveCfg = Release|Any CPU
		{970938B2-31E3-463B-856F-5D20B5370741}.Release|Any CPU.Build.0 = Release|Any CPU
	EndGlobalSection
	GlobalSection(SolutionProperties) = preSolution
		HideSolutionNode = FALSE
	EndGlobalSection
	GlobalSection(ExtensibilityGlobals) = postSolution
		SolutionGuid = {2CD58C8B-A637-485F-AB54-A8C57521CAE3}
	EndGlobalSection
EndGlobal
